
Microsoft Visual Studio Solution File, Format Version 12.00
# Visual Studio Version 17
VisualStudioVersion = 17.0.31903.59
MinimumVisualStudioVersion = 10.0.40219.1
Project("{FAE04EC0-301F-11D3-BF4B-00C04F79EFBC}") = "StrongTowing.API", "StrongTowing.API\StrongTowing.API.csproj", "{A7A6EF23-52A3-4D55-92DD-CC2B021F1E2C}"
EndProject
Project("{FAE04EC0-301F-11D3-BF4B-00C04F79EFBC}") = "StrongTowing.Core", "StrongTowing.Core\StrongTowing.Core.csproj", "{385FF97E-0E9A-4BC7-85B1-1B284A58590A}"
EndProject
Project("{FAE04EC0-301F-11D3-BF4B-00C04F79EFBC}") = "StrongTowing.Application", "StrongTowing.Application\StrongTowing.Application.csproj", "{F5E5EB33-2935-4D4B-81F9-B73DA838FFCF}"
EndProject
Project("{FAE04EC0-301F-11D3-BF4B-00C04F79EFBC}") = "StrongTowing.Infrastructure", "StrongTowing.Infrastructure\StrongTowing.Infrastructure.csproj", "{BFE151EF-150C-4128-AA43-9095F3EB69E2}"
EndProject
Global
	GlobalSection(SolutionConfigurationPlatforms) = preSolution
		Debug|Any CPU = Debug|Any CPU
		Debug|x64 = Debug|x64
		Debug|x86 = Debug|x86
		Release|Any CPU = Release|Any CPU
		Release|x64 = Release|x64
		Release|x86 = Release|x86
	EndGlobalSection
	GlobalSection(ProjectConfigurationPlatforms) = postSolution
		{A7A6EF23-52A3-4D55-92DD-CC2B021F1E2C}.Debug|Any CPU.ActiveCfg = Debug|Any CPU
		{A7A6EF23-52A3-4D55-92DD-CC2B021F1E2C}.Debug|Any CPU.Build.0 = Debug|Any CPU
		{A7A6EF23-52A3-4D55-92DD-CC2B021F1E2C}.Debug|x64.ActiveCfg = Debug|Any CPU
		{A7A6EF23-52A3-4D55-92DD-CC2B021F1E2C}.Debug|x64.Build.0 = Debug|Any CPU
		{A7A6EF23-52A3-4D55-92DD-CC2B021F1E2C}.Debug|x86.ActiveCfg = Debug|Any CPU
		{A7A6EF23-52A3-4D55-92DD-CC2B021F1E2C}.Debug|x86.Build.0 = Debug|Any CPU
		{A7A6EF23-52A3-4D55-92DD-CC2B021F1E2C}.Release|Any CPU.ActiveCfg = Release|Any CPU
		{A7A6EF23-52A3-4D55-92DD-CC2B021F1E2C}.Release|Any CPU.Build.0 = Release|Any CPU
		{A7A6EF23-52A3-4D55-92DD-CC2B021F1E2C}.Release|x64.ActiveCfg = Release|Any CPU
		{A7A6EF23-52A3-4D55-92DD-CC2B021F1E2C}.Release|x64.Build.0 = Release|Any CPU
		{A7A6EF23-52A3-4D55-92DD-CC2B021F1E2C}.Release|x86.ActiveCfg = Release|Any CPU
		{A7A6EF23-52A3-4D55-92DD-CC2B021F1E2C}.Release|x86.Build.0 = Release|Any CPU
		{385FF97E-0E9A-4BC7-85B1-1B284A58590A}.Debug|Any CPU.ActiveCfg = Debug|Any CPU
		{385FF97E-0E9A-4BC7-85B1-1B284A58590A}.Debug|Any CPU.Build.0 = Debug|Any CPU
		{385FF97E-0E9A-4BC7-85B1-1B284A58590A}.Debug|x64.ActiveCfg = Debug|Any CPU
		{385FF97E-0E9A-4BC7-85B1-1B284A58590A}.Debug|x64.Build.0 = Debug|Any CPU
		{385FF97E-0E9A-4BC7-85B1-1B284A58590A}.Debug|x86.ActiveCfg = Debug|Any CPU
		{385FF97E-0E9A-4BC7-85B1-1B284A58590A}.Debug|x86.Build.0 = Debug|Any CPU
		{385FF97E-0E9A-4BC7-85B1-1B284A58590A}.Release|Any CPU.ActiveCfg = Release|Any CPU
		{385FF97E-0E9A-4BC7-85B1-1B284A58590A}.Release|Any CPU.Build.0 = Release|Any CPU
		{385FF97E-0E9A-4BC7-85B1-1B284A58590A}.Release|x64.ActiveCfg = Release|Any CPU
		{385FF97E-0E9A-4BC7-85B1-1B284A58590A}.Release|x64.Build.0 = Release|Any CPU
		{385FF97E-0E9A-4BC7-85B1-1B284A58590A}.Release|x86.ActiveCfg = Release|Any CPU
		{385FF97E-0E9A-4BC7-85B1-1B284A58590A}.Release|x86.Build.0 = Release|Any CPU
		{F5E5EB33-2935-4D4B-81F9-B73DA838FFCF}.Debug|Any CPU.ActiveCfg = Debug|Any CPU
		{F5E5EB33-2935-4D4B-81F9-B73DA838FFCF}.Debug|Any CPU.Build.0 = Debug|Any CPU
		{F5E5EB33-2935-4D4B-81F9-B73DA838FFCF}.Debug|x64.ActiveCfg = Debug|Any CPU
		{F5E5EB33-2935-4D4B-81F9-B73DA838FFCF}.Debug|x64.Build.0 = Debug|Any CPU
		{F5E5EB33-2935-4D4B-81F9-B73DA838FFCF}.Debug|x86.ActiveCfg = Debug|Any CPU
		{F5E5EB33-2935-4D4B-81F9-B73DA838FFCF}.Debug|x86.Build.0 = Debug|Any CPU
		{F5E5EB33-2935-4D4B-81F9-B73DA838FFCF}.Release|Any CPU.ActiveCfg = Release|Any CPU
		{F5E5EB33-2935-4D4B-81F9-B73DA838FFCF}.Release|Any CPU.Build.0 = Release|Any CPU
		{F5E5EB33-2935-4D4B-81F9-B73DA838FFCF}.Release|x64.ActiveCfg = Release|Any CPU
		{F5E5EB33-2935-4D4B-81F9-B73DA838FFCF}.Release|x64.Build.0 = Release|Any CPU
		{F5E5EB33-2935-4D4B-81F9-B73DA838FFCF}.Release|x86.ActiveCfg = Release|Any CPU
		{F5E5EB33-2935-4D4B-81F9-B73DA838FFCF}.Release|x86.Build.0 = Release|Any CPU
		{BFE151EF-150C-4128-AA43-9095F3EB69E2}.Debug|Any CPU.ActiveCfg = Debug|Any CPU
		{BFE151EF-150C-4128-AA43-9095F3EB69E2}.Debug|Any CPU.Build.0 = Debug|Any CPU
		{BFE151EF-150C-4128-AA43-9095F3EB69E2}.Debug|x64.ActiveCfg = Debug|Any CPU
		{BFE151EF-150C-4128-AA43-9095F3EB69E2}.Debug|x64.Build.0 = Debug|Any CPU
		{BFE151EF-150C-4128-AA43-9095F3EB69E2}.Debug|x86.ActiveCfg = Debug|Any CPU
		{BFE151EF-150C-4128-AA43-9095F3EB69E2}.Debug|x86.Build.0 = Debug|Any CPU
		{BFE151EF-150C-4128-AA43-9095F3EB69E2}.Release|Any CPU.ActiveCfg = Release|Any CPU
		{BFE151EF-150C-4128-AA43-9095F3EB69E2}.Release|Any CPU.Build.0 = Release|Any CPU
		{BFE151EF-150C-4128-AA43-9095F3EB69E2}.Release|x64.ActiveCfg = Release|Any CPU
		{BFE151EF-150C-4128-AA43-9095F3EB69E2}.Release|x64.Build.0 = Release|Any CPU
		{BFE151EF-150C-4128-AA43-9095F3EB69E2}.Release|x86.ActiveCfg = Release|Any CPU
		{BFE151EF-150C-4128-AA43-9095F3EB69E2}.Release|x86.Build.0 = Release|Any CPU
	EndGlobalSection
	GlobalSection(SolutionProperties) = preSolution
		HideSolutionNode = FALSE
	EndGlobalSection
EndGlobal
